<?xml version="1.0" encoding="utf-8"?>
<Solution Version="1.0">
  <Project Name="Portfolio.Domain" Path="src/Core/Domain/Portfolio.Domain.csproj" />
  <Project Name="Portfolio.Application" Path="src/Core/Application/Portfolio.Application.csproj" />
  <Project Name="Portfolio.Infrastructure.Persistence" Path="src/Infrastructure/Persistence/Portfolio.Infrastructure.Persistence.csproj" />
  <Project Name="Portfolio.Presentation.WebAPI" Path="src/Presentation/WebAPI/Portfolio.Presentation.WebAPI.csproj" />
  <Project Name="Portfolio.UnitTests" Path="test/UnitTests/Portfolio.UnitTests.csproj" />
  <Project Name="Portfolio.IntegrationTests" Path="test/IntegrationTests/Portfolio.IntegrationTests.csproj" />
</Solution>